
Microsoft Visual Studio Solution File, Format Version 12.00
# Visual Studio Version 16
VisualStudioVersion = 16.0.30413.136
MinimumVisualStudioVersion = 10.0.40219.1
Project("{9A19103F-16F7-4668-BE54-9A1E7A4F7556}") = "EmployeeManagement.Models", "EmployeeManagement.Models\EmployeeManagement.Models.csproj", "{51D91E55-7519-4229-A63A-6192BA93944F}"
EndProject
Project("{9A19103F-16F7-4668-BE54-9A1E7A4F7556}") = "EmployeeManagement.Web", "EmployeeManagement.Web\EmployeeManagement.Web.csproj", "{518951DD-29B1-48FA-9537-93C71AB17757}"
EndProject
Project("{9A19103F-16F7-4668-BE54-9A1E7A4F7556}") = "EmployeeManagement.Api", "EmployeeManagement.Api\EmployeeManagement.Api.csproj", "{054FCCE4-EC3D-487C-AF66-7E230048EC3A}"
EndProject
Project("{9A19103F-16F7-4668-BE54-9A1E7A4F7556}") = "Tribal.Components", "Tribal.Components\Tribal.Components.csproj", "{144CC165-C7F7-4F76-8E80-0480B66A0AA2}"
EndProject
Global
	GlobalSection(SolutionConfigurationPlatforms) = preSolution
		Debug|Any CPU = Debug|Any CPU
		Release|Any CPU = Release|Any CPU
	EndGlobalSection
	GlobalSection(ProjectConfigurationPlatforms) = postSolution
		{51D91E55-7519-4229-A63A-6192BA93944F}.Debug|Any CPU.ActiveCfg = Debug|Any CPU
		{51D91E55-7519-4229-A63A-6192BA93944F}.Debug|Any CPU.Build.0 = Debug|Any CPU
		{51D91E55-7519-4229-A63A-6192BA93944F}.Release|Any CPU.ActiveCfg = Release|Any CPU
		{51D91E55-7519-4229-A63A-6192BA93944F}.Release|Any CPU.Build.0 = Release|Any CPU
		{518951DD-29B1-48FA-9537-93C71AB17757}.Debug|Any CPU.ActiveCfg = Debug|Any CPU
		{518951DD-29B1-48FA-9537-93C71AB17757}.Debug|Any CPU.Build.0 = Debug|Any CPU
		{518951DD-29B1-48FA-9537-93C71AB17757}.Release|Any CPU.ActiveCfg = Release|Any CPU
		{518951DD-29B1-48FA-9537-93C71AB17757}.Release|Any CPU.Build.0 = Release|Any CPU
		{054FCCE4-EC3D-487C-AF66-7E230048EC3A}.Debug|Any CPU.ActiveCfg = Debug|Any CPU
		{054FCCE4-EC3D-487C-AF66-7E230048EC3A}.Debug|Any CPU.Build.0 = Debug|Any CPU
		{054FCCE4-EC3D-487C-AF66-7E230048EC3A}.Release|Any CPU.ActiveCfg = Release|Any CPU
		{054FCCE4-EC3D-487C-AF66-7E230048EC3A}.Release|Any CPU.Build.0 = Release|Any CPU
		{144CC165-C7F7-4F76-8E80-0480B66A0AA2}.Debug|Any CPU.ActiveCfg = Debug|Any CPU
		{144CC165-C7F7-4F76-8E80-0480B66A0AA2}.Debug|Any CPU.Build.0 = Debug|Any CPU
		{144CC165-C7F7-4F76-8E80-0480B66A0AA2}.Release|Any CPU.ActiveCfg = Release|Any CPU
		{144CC165-C7F7-4F76-8E80-0480B66A0AA2}.Release|Any CPU.Build.0 = Release|Any CPU
	EndGlobalSection
	GlobalSection(SolutionProperties) = preSolution
		HideSolutionNode = FALSE
	EndGlobalSection
	GlobalSection(ExtensibilityGlobals) = postSolution
		SolutionGuid = {87714A9F-87F7-4C0E-B8BB-EBEE55096FB4}
	EndGlobalSection
EndGlobal
